
Microsoft Visual Studio Solution File, Format Version 12.00
# Visual Studio Version 17
VisualStudioVersion = 17.0.31903.59
MinimumVisualStudioVersion = 10.0.40219.1
Project("{2150E333-8FDC-42A3-9474-1A3956D46DE8}") = "src", "src", "{D8A82728-D59A-4AD6-ADBB-EC42C742AF05}"
EndProject
Project("{2150E333-8FDC-42A3-9474-1A3956D46DE8}") = "core", "core", "{B3658BBD-53BB-4F7E-B436-236250F253FD}"
EndProject
Project("{FAE04EC0-301F-11D3-BF4B-00C04F79EFBC}") = "SkyLabIdP.Application", "src\core\SkyLabIdP.Application\SkyLabIdP.Application.csproj", "{EF2056D4-2F10-4EF0-806C-72597A19802F}"
EndProject
Project("{FAE04EC0-301F-11D3-BF4B-00C04F79EFBC}") = "SkyLabIdP.Domain", "src\core\SkyLabIdP.Domain\SkyLabIdP.Domain.csproj", "{AF240D01-7977-46AF-A4FD-B7C2D7B27415}"
EndProject
Project("{2150E333-8FDC-42A3-9474-1A3956D46DE8}") = "infrastructure", "infrastructure", "{F4DBA6BF-20DF-4C33-ACA2-1F0F876F206C}"
EndProject
Project("{FAE04EC0-301F-11D3-BF4B-00C04F79EFBC}") = "SkyLabIdP.Data", "src\infrastructure\SkyLabIdP.Data\SkyLabIdP.Data.csproj", "{54445C08-C2FF-4195-B872-0CD3B47633A1}"
EndProject
Project("{FAE04EC0-301F-11D3-BF4B-00C04F79EFBC}") = "SkyLabIdP.Identity", "src\infrastructure\SkyLabIdP.Identity\SkyLabIdP.Identity.csproj", "{F4A42C8E-D065-4D71-A216-AC82F7811C57}"
EndProject
Project("{FAE04EC0-301F-11D3-BF4B-00C04F79EFBC}") = "SkyLabIdP.Shared", "src\infrastructure\SkyLabIdP.Shared\SkyLabIdP.Shared.csproj", "{710E94F7-477A-4C30-B717-C359700439C0}"
EndProject
Project("{2150E333-8FDC-42A3-9474-1A3956D46DE8}") = "presentation", "presentation", "{05648862-3021-481A-8019-3BC19A8B6217}"
EndProject
Project("{FAE04EC0-301F-11D3-BF4B-00C04F79EFBC}") = "SkyLabIdP.WebApi", "src\presentation\SkyLabIdP.WebApi\SkyLabIdP.WebApi.csproj", "{DF493BEF-281D-4C41-AA08-D5AB04E74B49}"
EndProject
Project("{2150E333-8FDC-42A3-9474-1A3956D46DE8}") = "tests", "tests", "{88DB9D8C-A21A-4FBD-AB2E-2DB91A0F0948}"
EndProject
Project("{FAE04EC0-301F-11D3-BF4B-00C04F79EFBC}") = "Application.UnitTests", "tests\Application.UnitTests\Application.UnitTests.csproj", "{316499BF-88CF-4EBF-80B5-292131904B70}"
EndProject
Project("{FAE04EC0-301F-11D3-BF4B-00C04F79EFBC}") = "Application.IntegrationTests", "tests\Application.IntegrationTests\Application.IntegrationTests.csproj", "{A1B2C3D4-E5F6-7890-AB12-CD34EF567890}"
EndProject
Project("{FAE04EC0-301F-11D3-BF4B-00C04F79EFBC}") = "PlaywrightTests", "tests\PlaywrightTests\PlaywrightTests.csproj", "{B2C3D4E5-F6A7-8901-BC23-DE45FA678901}"
EndProject
Global
	GlobalSection(SolutionConfigurationPlatforms) = preSolution
		Debug|Any CPU = Debug|Any CPU
		Release|Any CPU = Release|Any CPU
	EndGlobalSection
	GlobalSection(ProjectConfigurationPlatforms) = postSolution
		{EF2056D4-2F10-4EF0-806C-72597A19802F}.Debug|Any CPU.ActiveCfg = Debug|Any CPU
		{EF2056D4-2F10-4EF0-806C-72597A19802F}.Debug|Any CPU.Build.0 = Debug|Any CPU
		{EF2056D4-2F10-4EF0-806C-72597A19802F}.Release|Any CPU.ActiveCfg = Release|Any CPU
		{EF2056D4-2F10-4EF0-806C-72597A19802F}.Release|Any CPU.Build.0 = Release|Any CPU
		{AF240D01-7977-46AF-A4FD-B7C2D7B27415}.Debug|Any CPU.ActiveCfg = Debug|Any CPU
		{AF240D01-7977-46AF-A4FD-B7C2D7B27415}.Debug|Any CPU.Build.0 = Debug|Any CPU
		{AF240D01-7977-46AF-A4FD-B7C2D7B27415}.Release|Any CPU.ActiveCfg = Release|Any CPU
		{AF240D01-7977-46AF-A4FD-B7C2D7B27415}.Release|Any CPU.Build.0 = Release|Any CPU
		{54445C08-C2FF-4195-B872-0CD3B47633A1}.Debug|Any CPU.ActiveCfg = Debug|Any CPU
		{54445C08-C2FF-4195-B872-0CD3B47633A1}.Debug|Any CPU.Build.0 = Debug|Any CPU
		{54445C08-C2FF-4195-B872-0CD3B47633A1}.Release|Any CPU.ActiveCfg = Release|Any CPU
		{54445C08-C2FF-4195-B872-0CD3B47633A1}.Release|Any CPU.Build.0 = Release|Any CPU
		{F4A42C8E-D065-4D71-A216-AC82F7811C57}.Debug|Any CPU.ActiveCfg = Debug|Any CPU
		{F4A42C8E-D065-4D71-A216-AC82F7811C57}.Debug|Any CPU.Build.0 = Debug|Any CPU
		{F4A42C8E-D065-4D71-A216-AC82F7811C57}.Release|Any CPU.ActiveCfg = Release|Any CPU
		{F4A42C8E-D065-4D71-A216-AC82F7811C57}.Release|Any CPU.Build.0 = Release|Any CPU
		{710E94F7-477A-4C30-B717-C359700439C0}.Debug|Any CPU.ActiveCfg = Debug|Any CPU
		{710E94F7-477A-4C30-B717-C359700439C0}.Debug|Any CPU.Build.0 = Debug|Any CPU
		{710E94F7-477A-4C30-B717-C359700439C0}.Release|Any CPU.ActiveCfg = Release|Any CPU
		{710E94F7-477A-4C30-B717-C359700439C0}.Release|Any CPU.Build.0 = Release|Any CPU
		{DF493BEF-281D-4C41-AA08-D5AB04E74B49}.Debug|Any CPU.ActiveCfg = Debug|Any CPU
		{DF493BEF-281D-4C41-AA08-D5AB04E74B49}.Debug|Any CPU.Build.0 = Debug|Any CPU
		{DF493BEF-281D-4C41-AA08-D5AB04E74B49}.Release|Any CPU.ActiveCfg = Release|Any CPU
		{DF493BEF-281D-4C41-AA08-D5AB04E74B49}.Release|Any CPU.Build.0 = Release|Any CPU
		{316499BF-88CF-4EBF-80B5-292131904B70}.Debug|Any CPU.ActiveCfg = Debug|Any CPU
		{316499BF-88CF-4EBF-80B5-292131904B70}.Debug|Any CPU.Build.0 = Debug|Any CPU
		{316499BF-88CF-4EBF-80B5-292131904B70}.Release|Any CPU.ActiveCfg = Release|Any CPU
		{316499BF-88CF-4EBF-80B5-292131904B70}.Release|Any CPU.Build.0 = Release|Any CPU
		{A1B2C3D4-E5F6-7890-AB12-CD34EF567890}.Debug|Any CPU.ActiveCfg = Debug|Any CPU
		{A1B2C3D4-E5F6-7890-AB12-CD34EF567890}.Debug|Any CPU.Build.0 = Debug|Any CPU
		{A1B2C3D4-E5F6-7890-AB12-CD34EF567890}.Release|Any CPU.ActiveCfg = Release|Any CPU
		{A1B2C3D4-E5F6-7890-AB12-CD34EF567890}.Release|Any CPU.Build.0 = Release|Any CPU
		{B2C3D4E5-F6A7-8901-BC23-DE45FA678901}.Debug|Any CPU.ActiveCfg = Debug|Any CPU
		{B2C3D4E5-F6A7-8901-BC23-DE45FA678901}.Debug|Any CPU.Build.0 = Debug|Any CPU
		{B2C3D4E5-F6A7-8901-BC23-DE45FA678901}.Release|Any CPU.ActiveCfg = Release|Any CPU
		{B2C3D4E5-F6A7-8901-BC23-DE45FA678901}.Release|Any CPU.Build.0 = Release|Any CPU
	EndGlobalSection
	GlobalSection(SolutionProperties) = preSolution
		HideSolutionNode = FALSE
	EndGlobalSection
	GlobalSection(NestedProjects) = preSolution
		{B3658BBD-53BB-4F7E-B436-236250F253FD} = {D8A82728-D59A-4AD6-ADBB-EC42C742AF05}
		{EF2056D4-2F10-4EF0-806C-72597A19802F} = {B3658BBD-53BB-4F7E-B436-236250F253FD}
		{AF240D01-7977-46AF-A4FD-B7C2D7B27415} = {B3658BBD-53BB-4F7E-B436-236250F253FD}
		{F4DBA6BF-20DF-4C33-ACA2-1F0F876F206C} = {D8A82728-D59A-4AD6-ADBB-EC42C742AF05}
		{54445C08-C2FF-4195-B872-0CD3B47633A1} = {F4DBA6BF-20DF-4C33-ACA2-1F0F876F206C}
		{F4A42C8E-D065-4D71-A216-AC82F7811C57} = {F4DBA6BF-20DF-4C33-ACA2-1F0F876F206C}
		{710E94F7-477A-4C30-B717-C359700439C0} = {F4DBA6BF-20DF-4C33-ACA2-1F0F876F206C}
		{05648862-3021-481A-8019-3BC19A8B6217} = {D8A82728-D59A-4AD6-ADBB-EC42C742AF05}
		{DF493BEF-281D-4C41-AA08-D5AB04E74B49} = {05648862-3021-481A-8019-3BC19A8B6217}
		{316499BF-88CF-4EBF-80B5-292131904B70} = {88DB9D8C-A21A-4FBD-AB2E-2DB91A0F0948}
		{A1B2C3D4-E5F6-7890-AB12-CD34EF567890} = {88DB9D8C-A21A-4FBD-AB2E-2DB91A0F0948}
		{B2C3D4E5-F6A7-8901-BC23-DE45FA678901} = {88DB9D8C-A21A-4FBD-AB2E-2DB91A0F0948}
	EndGlobalSection
EndGlobal
